
Microsoft Visual Studio Solution File, Format Version 12.00
# Visual Studio 14
VisualStudioVersion = 14.0.25420.1
MinimumVisualStudioVersion = 10.0.40219.1
Project("{2150E333-8FDC-42A3-9474-1A3956D46DE8}") = "content", "content", "{9B18F400-9723-41A7-BFE9-9566F5BBF812}"
EndProject
Project("{2150E333-8FDC-42A3-9474-1A3956D46DE8}") = "T4Immutable", "T4Immutable", "{1CC7F4B4-E394-495B-90BD-5B1C6420CC90}"
	ProjectSection(SolutionItems) = preProject
		content\T4Immutable\Attributes.cs_ = content\T4Immutable\Attributes.cs_
		content\T4Immutable\Class.ttinclude = content\T4Immutable\Class.ttinclude
		content\T4Immutable\Field.ttinclude = content\T4Immutable\Field.ttinclude
		content\T4Immutable\Prop.ttinclude = content\T4Immutable\Prop.ttinclude
		content\T4Immutable\Shared.ttinclude = content\T4Immutable\Shared.ttinclude
		content\T4Immutable\Struct.ttinclude = content\T4Immutable\Struct.ttinclude
		content\T4Immutable\T4Immutable.tt = content\T4Immutable\T4Immutable.tt
		content\T4Immutable\TemplateFileManagerV2.1.ttinclude = content\T4Immutable\TemplateFileManagerV2.1.ttinclude
		content\T4Immutable\VisualStudioHelper.ttinclude = content\T4Immutable\VisualStudioHelper.ttinclude
	EndProjectSection
EndProject
Project("{FAE04EC0-301F-11D3-BF4B-00C04F79EFBC}") = "T4Immutable-portable", "T4Immutable-portable\T4Immutable-portable.csproj", "{C569B582-2D4F-45ED-964B-412E032A37C4}"
EndProject
Global
	GlobalSection(SolutionConfigurationPlatforms) = preSolution
		Debug|Any CPU = Debug|Any CPU
		Release|Any CPU = Release|Any CPU
	EndGlobalSection
	GlobalSection(ProjectConfigurationPlatforms) = postSolution
		{C569B582-2D4F-45ED-964B-412E032A37C4}.Debug|Any CPU.ActiveCfg = Debug|Any CPU
		{C569B582-2D4F-45ED-964B-412E032A37C4}.Debug|Any CPU.Build.0 = Debug|Any CPU
		{C569B582-2D4F-45ED-964B-412E032A37C4}.Release|Any CPU.ActiveCfg = Release|Any CPU
		{C569B582-2D4F-45ED-964B-412E032A37C4}.Release|Any CPU.Build.0 = Release|Any CPU
	EndGlobalSection
	GlobalSection(SolutionProperties) = preSolution
		HideSolutionNode = FALSE
	EndGlobalSection
	GlobalSection(NestedProjects) = preSolution
		{1CC7F4B4-E394-495B-90BD-5B1C6420CC90} = {9B18F400-9723-41A7-BFE9-9566F5BBF812}
	EndGlobalSection
EndGlobal
